
Microsoft Visual Studio Solution File, Format Version 12.00
# Visual Studio Version 16
VisualStudioVersion = 16.0.32602.291
MinimumVisualStudioVersion = 10.0.40219.1
Project("{FAE04EC0-301F-11D3-BF4B-00C04F79EFBC}") = "SportMaster", "SportMaster\SportMaster.csproj", "{EBB2881F-3F9D-47A5-AAB7-1FEC613E8670}"
EndProject
Project("{FAE04EC0-301F-11D3-BF4B-00C04F79EFBC}") = "WebApiServer", "WebApiServer\WebApiServer.csproj", "{2906A2F2-B03B-46C0-837D-91E14C257637}"
EndProject
Global
	GlobalSection(SolutionConfigurationPlatforms) = preSolution
		Debug|Any CPU = Debug|Any CPU
		Release|Any CPU = Release|Any CPU
	EndGlobalSection
	GlobalSection(ProjectConfigurationPlatforms) = postSolution
		{EBB2881F-3F9D-47A5-AAB7-1FEC613E8670}.Debug|Any CPU.ActiveCfg = Debug|Any CPU
		{EBB2881F-3F9D-47A5-AAB7-1FEC613E8670}.Debug|Any CPU.Build.0 = Debug|Any CPU
		{EBB2881F-3F9D-47A5-AAB7-1FEC613E8670}.Release|Any CPU.ActiveCfg = Release|Any CPU
		{EBB2881F-3F9D-47A5-AAB7-1FEC613E8670}.Release|Any CPU.Build.0 = Release|Any CPU
		{2906A2F2-B03B-46C0-837D-91E14C257637}.Debug|Any CPU.ActiveCfg = Debug|Any CPU
		{2906A2F2-B03B-46C0-837D-91E14C257637}.Debug|Any CPU.Build.0 = Debug|Any CPU
		{2906A2F2-B03B-46C0-837D-91E14C257637}.Release|Any CPU.ActiveCfg = Release|Any CPU
		{2906A2F2-B03B-46C0-837D-91E14C257637}.Release|Any CPU.Build.0 = Release|Any CPU
	EndGlobalSection
	GlobalSection(SolutionProperties) = preSolution
		HideSolutionNode = FALSE
	EndGlobalSection
	GlobalSection(ExtensibilityGlobals) = postSolution
		SolutionGuid = {E26A850D-8F96-4808-BF73-64F28542F62C}
	EndGlobalSection
EndGlobal
